
Microsoft Visual Studio Solution File, Format Version 12.00
# Visual Studio Express 2012 for Windows Desktop
Project("{FAE04EC0-301F-11D3-BF4B-00C04F79EFBC}") = "MookiesRobotEditor", "src\MookiesRobotEditor.csproj", "{A2DB7828-113C-4334-8676-0002887BA4FC}"
EndProject
Project("{FAE04EC0-301F-11D3-BF4B-00C04F79EFBC}") = "FanucTools", "FanucTools\FanucTools.csproj", "{9B30F64B-A378-43CC-AC16-78FC5B0EA940}"
EndProject
Project("{FAE04EC0-301F-11D3-BF4B-00C04F79EFBC}") = "EditorCoreLibrary", "EditorPluginLibrary\EditorCoreLibrary.csproj", "{D040DE8E-D931-4660-BC9A-0E47EDA10E22}"
EndProject
Project("{FAE04EC0-301F-11D3-BF4B-00C04F79EFBC}") = "TestApplication", "TestApplication\TestApplication.csproj", "{8AC29AF0-1B95-47F5-8E44-CA3CC2699E74}"
EndProject
Project("{FAE04EC0-301F-11D3-BF4B-00C04F79EFBC}") = "KUKATools", "KUKATools\KUKATools.csproj", "{124CC906-A48B-40B8-99A6-ED57649A20B0}"
EndProject
Project("{FAE04EC0-301F-11D3-BF4B-00C04F79EFBC}") = "ArchiveManager", "ArchiveManager\ArchiveManager.csproj", "{AB9EE401-B6BD-41B6-8C54-E084FBF0C859}"
EndProject
Project("{FAE04EC0-301F-11D3-BF4B-00C04F79EFBC}") = "CSVE6POS", "CSVE6POS\CSVE6POS.csproj", "{821082B0-6C9B-43D6-8791-7B41913EA185}"
EndProject
Global
	GlobalSection(SolutionConfigurationPlatforms) = preSolution
		Debug|Any CPU = Debug|Any CPU
		Debug|Mixed Platforms = Debug|Mixed Platforms
		Debug|x86 = Debug|x86
		Release|Any CPU = Release|Any CPU
		Release|Mixed Platforms = Release|Mixed Platforms
		Release|x86 = Release|x86
	EndGlobalSection
	GlobalSection(ProjectConfigurationPlatforms) = postSolution
		{A2DB7828-113C-4334-8676-0002887BA4FC}.Debug|Any CPU.ActiveCfg = Debug|Any CPU
		{A2DB7828-113C-4334-8676-0002887BA4FC}.Debug|Any CPU.Build.0 = Debug|Any CPU
		{A2DB7828-113C-4334-8676-0002887BA4FC}.Debug|Mixed Platforms.ActiveCfg = Debug|Any CPU
		{A2DB7828-113C-4334-8676-0002887BA4FC}.Debug|Mixed Platforms.Build.0 = Debug|Any CPU
		{A2DB7828-113C-4334-8676-0002887BA4FC}.Debug|x86.ActiveCfg = Debug|Any CPU
		{A2DB7828-113C-4334-8676-0002887BA4FC}.Release|Any CPU.ActiveCfg = Release|Any CPU
		{A2DB7828-113C-4334-8676-0002887BA4FC}.Release|Any CPU.Build.0 = Release|Any CPU
		{A2DB7828-113C-4334-8676-0002887BA4FC}.Release|Mixed Platforms.ActiveCfg = Release|Any CPU
		{A2DB7828-113C-4334-8676-0002887BA4FC}.Release|Mixed Platforms.Build.0 = Release|Any CPU
		{A2DB7828-113C-4334-8676-0002887BA4FC}.Release|x86.ActiveCfg = Release|Any CPU
		{9B30F64B-A378-43CC-AC16-78FC5B0EA940}.Debug|Any CPU.ActiveCfg = Debug|Any CPU
		{9B30F64B-A378-43CC-AC16-78FC5B0EA940}.Debug|Any CPU.Build.0 = Debug|Any CPU
		{9B30F64B-A378-43CC-AC16-78FC5B0EA940}.Debug|Mixed Platforms.ActiveCfg = Debug|Any CPU
		{9B30F64B-A378-43CC-AC16-78FC5B0EA940}.Debug|Mixed Platforms.Build.0 = Debug|Any CPU
		{9B30F64B-A378-43CC-AC16-78FC5B0EA940}.Debug|x86.ActiveCfg = Debug|Any CPU
		{9B30F64B-A378-43CC-AC16-78FC5B0EA940}.Release|Any CPU.ActiveCfg = Release|Any CPU
		{9B30F64B-A378-43CC-AC16-78FC5B0EA940}.Release|Any CPU.Build.0 = Release|Any CPU
		{9B30F64B-A378-43CC-AC16-78FC5B0EA940}.Release|Mixed Platforms.ActiveCfg = Release|Any CPU
		{9B30F64B-A378-43CC-AC16-78FC5B0EA940}.Release|Mixed Platforms.Build.0 = Release|Any CPU
		{9B30F64B-A378-43CC-AC16-78FC5B0EA940}.Release|x86.ActiveCfg = Release|Any CPU
		{D040DE8E-D931-4660-BC9A-0E47EDA10E22}.Debug|Any CPU.ActiveCfg = Debug|Any CPU
		{D040DE8E-D931-4660-BC9A-0E47EDA10E22}.Debug|Any CPU.Build.0 = Debug|Any CPU
		{D040DE8E-D931-4660-BC9A-0E47EDA10E22}.Debug|Mixed Platforms.ActiveCfg = Debug|Any CPU
		{D040DE8E-D931-4660-BC9A-0E47EDA10E22}.Debug|Mixed Platforms.Build.0 = Debug|Any CPU
		{D040DE8E-D931-4660-BC9A-0E47EDA10E22}.Debug|x86.ActiveCfg = Debug|Any CPU
		{D040DE8E-D931-4660-BC9A-0E47EDA10E22}.Release|Any CPU.ActiveCfg = Release|Any CPU
		{D040DE8E-D931-4660-BC9A-0E47EDA10E22}.Release|Any CPU.Build.0 = Release|Any CPU
		{D040DE8E-D931-4660-BC9A-0E47EDA10E22}.Release|Mixed Platforms.ActiveCfg = Release|Any CPU
		{D040DE8E-D931-4660-BC9A-0E47EDA10E22}.Release|Mixed Platforms.Build.0 = Release|Any CPU
		{D040DE8E-D931-4660-BC9A-0E47EDA10E22}.Release|x86.ActiveCfg = Release|Any CPU
		{8AC29AF0-1B95-47F5-8E44-CA3CC2699E74}.Debug|Any CPU.ActiveCfg = Debug|Any CPU
		{8AC29AF0-1B95-47F5-8E44-CA3CC2699E74}.Debug|Any CPU.Build.0 = Debug|Any CPU
		{8AC29AF0-1B95-47F5-8E44-CA3CC2699E74}.Debug|Mixed Platforms.ActiveCfg = Debug|Any CPU
		{8AC29AF0-1B95-47F5-8E44-CA3CC2699E74}.Debug|Mixed Platforms.Build.0 = Debug|Any CPU
		{8AC29AF0-1B95-47F5-8E44-CA3CC2699E74}.Debug|x86.ActiveCfg = Debug|Any CPU
		{8AC29AF0-1B95-47F5-8E44-CA3CC2699E74}.Debug|x86.Build.0 = Debug|Any CPU
		{8AC29AF0-1B95-47F5-8E44-CA3CC2699E74}.Release|Any CPU.ActiveCfg = Release|Any CPU
		{8AC29AF0-1B95-47F5-8E44-CA3CC2699E74}.Release|Any CPU.Build.0 = Release|Any CPU
		{8AC29AF0-1B95-47F5-8E44-CA3CC2699E74}.Release|Mixed Platforms.ActiveCfg = Release|Any CPU
		{8AC29AF0-1B95-47F5-8E44-CA3CC2699E74}.Release|Mixed Platforms.Build.0 = Release|Any CPU
		{8AC29AF0-1B95-47F5-8E44-CA3CC2699E74}.Release|x86.ActiveCfg = Release|Any CPU
		{8AC29AF0-1B95-47F5-8E44-CA3CC2699E74}.Release|x86.Build.0 = Release|Any CPU
		{124CC906-A48B-40B8-99A6-ED57649A20B0}.Debug|Any CPU.ActiveCfg = Debug|Any CPU
		{124CC906-A48B-40B8-99A6-ED57649A20B0}.Debug|Any CPU.Build.0 = Debug|Any CPU
		{124CC906-A48B-40B8-99A6-ED57649A20B0}.Debug|Mixed Platforms.ActiveCfg = Debug|Any CPU
		{124CC906-A48B-40B8-99A6-ED57649A20B0}.Debug|Mixed Platforms.Build.0 = Debug|Any CPU
		{124CC906-A48B-40B8-99A6-ED57649A20B0}.Debug|x86.ActiveCfg = Debug|Any CPU
		{124CC906-A48B-40B8-99A6-ED57649A20B0}.Debug|x86.Build.0 = Debug|Any CPU
		{124CC906-A48B-40B8-99A6-ED57649A20B0}.Release|Any CPU.ActiveCfg = Release|Any CPU
		{124CC906-A48B-40B8-99A6-ED57649A20B0}.Release|Any CPU.Build.0 = Release|Any CPU
		{124CC906-A48B-40B8-99A6-ED57649A20B0}.Release|Mixed Platforms.ActiveCfg = Release|Any CPU
		{124CC906-A48B-40B8-99A6-ED57649A20B0}.Release|Mixed Platforms.Build.0 = Release|Any CPU
		{124CC906-A48B-40B8-99A6-ED57649A20B0}.Release|x86.ActiveCfg = Release|Any CPU
		{124CC906-A48B-40B8-99A6-ED57649A20B0}.Release|x86.Build.0 = Release|Any CPU
		{AB9EE401-B6BD-41B6-8C54-E084FBF0C859}.Debug|Any CPU.ActiveCfg = Debug|Any CPU
		{AB9EE401-B6BD-41B6-8C54-E084FBF0C859}.Debug|Any CPU.Build.0 = Debug|Any CPU
		{AB9EE401-B6BD-41B6-8C54-E084FBF0C859}.Debug|Mixed Platforms.ActiveCfg = Debug|Any CPU
		{AB9EE401-B6BD-41B6-8C54-E084FBF0C859}.Debug|Mixed Platforms.Build.0 = Debug|Any CPU
		{AB9EE401-B6BD-41B6-8C54-E084FBF0C859}.Debug|x86.ActiveCfg = Debug|Any CPU
		{AB9EE401-B6BD-41B6-8C54-E084FBF0C859}.Release|Any CPU.ActiveCfg = Release|Any CPU
		{AB9EE401-B6BD-41B6-8C54-E084FBF0C859}.Release|Any CPU.Build.0 = Release|Any CPU
		{AB9EE401-B6BD-41B6-8C54-E084FBF0C859}.Release|Mixed Platforms.ActiveCfg = Release|Any CPU
		{AB9EE401-B6BD-41B6-8C54-E084FBF0C859}.Release|Mixed Platforms.Build.0 = Release|Any CPU
		{AB9EE401-B6BD-41B6-8C54-E084FBF0C859}.Release|x86.ActiveCfg = Release|Any CPU
		{821082B0-6C9B-43D6-8791-7B41913EA185}.Debug|Any CPU.ActiveCfg = Debug|Any CPU
		{821082B0-6C9B-43D6-8791-7B41913EA185}.Debug|Any CPU.Build.0 = Debug|Any CPU
		{821082B0-6C9B-43D6-8791-7B41913EA185}.Debug|Mixed Platforms.ActiveCfg = Debug|Any CPU
		{821082B0-6C9B-43D6-8791-7B41913EA185}.Debug|Mixed Platforms.Build.0 = Debug|Any CPU
		{821082B0-6C9B-43D6-8791-7B41913EA185}.Debug|x86.ActiveCfg = Debug|Any CPU
		{821082B0-6C9B-43D6-8791-7B41913EA185}.Release|Any CPU.ActiveCfg = Release|Any CPU
		{821082B0-6C9B-43D6-8791-7B41913EA185}.Release|Any CPU.Build.0 = Release|Any CPU
		{821082B0-6C9B-43D6-8791-7B41913EA185}.Release|Mixed Platforms.ActiveCfg = Release|Any CPU
		{821082B0-6C9B-43D6-8791-7B41913EA185}.Release|Mixed Platforms.Build.0 = Release|Any CPU
		{821082B0-6C9B-43D6-8791-7B41913EA185}.Release|x86.ActiveCfg = Release|Any CPU
	EndGlobalSection
	GlobalSection(SolutionProperties) = preSolution
		HideSolutionNode = FALSE
	EndGlobalSection
EndGlobal
