
Microsoft Visual Studio Solution File, Format Version 12.00
# Visual Studio Version 17
VisualStudioVersion = 17.5.33209.295
MinimumVisualStudioVersion = 10.0.40219.1
Project("{2150E333-8FDC-42A3-9474-1A3956D46DE8}") = "miRobotEditor", "miRobotEditor", "{6A633BB1-A338-499A-8C2F-ED781C41BB64}"
EndProject
Project("{FAE04EC0-301F-11D3-BF4B-00C04F79EFBC}") = "MookiesRobotEditor", "src\MookiesRobotEditor.csproj", "{A2DB7828-113C-4334-8676-0002887BA4FC}"
EndProject
Global
	GlobalSection(SolutionConfigurationPlatforms) = preSolution
		Debug|Any CPU = Debug|Any CPU
		Debug|Mixed Platforms = Debug|Mixed Platforms
		Debug|x86 = Debug|x86
		Release|Any CPU = Release|Any CPU
		Release|Mixed Platforms = Release|Mixed Platforms
		Release|x86 = Release|x86
	EndGlobalSection
	GlobalSection(ProjectConfigurationPlatforms) = postSolution
		{A2DB7828-113C-4334-8676-0002887BA4FC}.Debug|Any CPU.ActiveCfg = Debug|Any CPU
		{A2DB7828-113C-4334-8676-0002887BA4FC}.Debug|Any CPU.Build.0 = Debug|Any CPU
		{A2DB7828-113C-4334-8676-0002887BA4FC}.Debug|Mixed Platforms.ActiveCfg = Debug|Any CPU
		{A2DB7828-113C-4334-8676-0002887BA4FC}.Debug|Mixed Platforms.Build.0 = Debug|Any CPU
		{A2DB7828-113C-4334-8676-0002887BA4FC}.Debug|x86.ActiveCfg = Debug|Any CPU
		{A2DB7828-113C-4334-8676-0002887BA4FC}.Release|Any CPU.ActiveCfg = Release|Any CPU
		{A2DB7828-113C-4334-8676-0002887BA4FC}.Release|Any CPU.Build.0 = Release|Any CPU
		{A2DB7828-113C-4334-8676-0002887BA4FC}.Release|Mixed Platforms.ActiveCfg = Release|Any CPU
		{A2DB7828-113C-4334-8676-0002887BA4FC}.Release|Mixed Platforms.Build.0 = Release|Any CPU
		{A2DB7828-113C-4334-8676-0002887BA4FC}.Release|x86.ActiveCfg = Release|Any CPU
	EndGlobalSection
	GlobalSection(SolutionProperties) = preSolution
		HideSolutionNode = FALSE
	EndGlobalSection
	GlobalSection(NestedProjects) = preSolution
		{A2DB7828-113C-4334-8676-0002887BA4FC} = {6A633BB1-A338-499A-8C2F-ED781C41BB64}
	EndGlobalSection
	GlobalSection(ExtensibilityGlobals) = postSolution
		SolutionGuid = {E8FC754B-0677-4636-9531-F8789314FDA6}
	EndGlobalSection
EndGlobal
