
Microsoft Visual Studio Solution File, Format Version 12.00
# Visual Studio 2013
VisualStudioVersion = 12.0.20617.1 PREVIEW
MinimumVisualStudioVersion = 10.0.40219.1
Project("{2150E333-8FDC-42A3-9474-1A3956D46DE8}") = "miRobotEditor", "miRobotEditor", "{6A633BB1-A338-499A-8C2F-ED781C41BB64}"
EndProject
Project("{FAE04EC0-301F-11D3-BF4B-00C04F79EFBC}") = "MookiesRobotEditor", "src\MookiesRobotEditor.csproj", "{A2DB7828-113C-4334-8676-0002887BA4FC}"
EndProject
Project("{FAE04EC0-301F-11D3-BF4B-00C04F79EFBC}") = "FanucTools", "FanucTools\FanucTools.csproj", "{9B30F64B-A378-43CC-AC16-78FC5B0EA940}"
EndProject
Project("{FAE04EC0-301F-11D3-BF4B-00C04F79EFBC}") = "miRobotEditor.Core", "miRobotEditor.Core\miRobotEditor.Core.csproj", "{5E11FEBD-9896-4CFD-AB7C-570684F23BFB}"
EndProject
Project("{FAE04EC0-301F-11D3-BF4B-00C04F79EFBC}") = "miRobotEditor.Controls", "miRobotEditor.Controls\miRobotEditor.Controls.csproj", "{25F52E28-0A62-4219-963E-675C6BB0588A}"
EndProject
Project("{2150E333-8FDC-42A3-9474-1A3956D46DE8}") = ".nuget", ".nuget", "{A8E04CE5-EF3F-460B-9531-B4CE195BEA98}"
	ProjectSection(SolutionItems) = preProject
		.nuget\NuGet.Config = .nuget\NuGet.Config
		.nuget\NuGet.exe = .nuget\NuGet.exe
		.nuget\NuGet.targets = .nuget\NuGet.targets
	EndProjectSection
EndProject
Global
	GlobalSection(SolutionConfigurationPlatforms) = preSolution
		Debug|Any CPU = Debug|Any CPU
		Debug|Mixed Platforms = Debug|Mixed Platforms
		Debug|x64 = Debug|x64
		Debug|x86 = Debug|x86
		Release|Any CPU = Release|Any CPU
		Release|Mixed Platforms = Release|Mixed Platforms
		Release|x64 = Release|x64
		Release|x86 = Release|x86
		RemoteDebug|Any CPU = RemoteDebug|Any CPU
		RemoteDebug|Mixed Platforms = RemoteDebug|Mixed Platforms
		RemoteDebug|x64 = RemoteDebug|x64
		RemoteDebug|x86 = RemoteDebug|x86
	EndGlobalSection
	GlobalSection(ProjectConfigurationPlatforms) = postSolution
		{A2DB7828-113C-4334-8676-0002887BA4FC}.Debug|Any CPU.ActiveCfg = Debug|Any CPU
		{A2DB7828-113C-4334-8676-0002887BA4FC}.Debug|Any CPU.Build.0 = Debug|Any CPU
		{A2DB7828-113C-4334-8676-0002887BA4FC}.Debug|Mixed Platforms.ActiveCfg = Debug|Any CPU
		{A2DB7828-113C-4334-8676-0002887BA4FC}.Debug|Mixed Platforms.Build.0 = Debug|Any CPU
		{A2DB7828-113C-4334-8676-0002887BA4FC}.Debug|x64.ActiveCfg = Debug|x64
		{A2DB7828-113C-4334-8676-0002887BA4FC}.Debug|x64.Build.0 = Debug|x64
		{A2DB7828-113C-4334-8676-0002887BA4FC}.Debug|x86.ActiveCfg = Debug|Any CPU
		{A2DB7828-113C-4334-8676-0002887BA4FC}.Release|Any CPU.ActiveCfg = Release|Any CPU
		{A2DB7828-113C-4334-8676-0002887BA4FC}.Release|Any CPU.Build.0 = Release|Any CPU
		{A2DB7828-113C-4334-8676-0002887BA4FC}.Release|Mixed Platforms.ActiveCfg = Release|Any CPU
		{A2DB7828-113C-4334-8676-0002887BA4FC}.Release|Mixed Platforms.Build.0 = Release|Any CPU
		{A2DB7828-113C-4334-8676-0002887BA4FC}.Release|x64.ActiveCfg = Release|x64
		{A2DB7828-113C-4334-8676-0002887BA4FC}.Release|x64.Build.0 = Release|x64
		{A2DB7828-113C-4334-8676-0002887BA4FC}.Release|x86.ActiveCfg = Release|Any CPU
		{A2DB7828-113C-4334-8676-0002887BA4FC}.RemoteDebug|Any CPU.ActiveCfg = Debug|Any CPU
		{A2DB7828-113C-4334-8676-0002887BA4FC}.RemoteDebug|Mixed Platforms.ActiveCfg = Debug|Any CPU
		{A2DB7828-113C-4334-8676-0002887BA4FC}.RemoteDebug|x64.ActiveCfg = Debug|x64
		{A2DB7828-113C-4334-8676-0002887BA4FC}.RemoteDebug|x86.ActiveCfg = Debug|Any CPU
		{9B30F64B-A378-43CC-AC16-78FC5B0EA940}.Debug|Any CPU.ActiveCfg = Debug|Any CPU
		{9B30F64B-A378-43CC-AC16-78FC5B0EA940}.Debug|Any CPU.Build.0 = Debug|Any CPU
		{9B30F64B-A378-43CC-AC16-78FC5B0EA940}.Debug|Mixed Platforms.ActiveCfg = Debug|Any CPU
		{9B30F64B-A378-43CC-AC16-78FC5B0EA940}.Debug|Mixed Platforms.Build.0 = Debug|Any CPU
		{9B30F64B-A378-43CC-AC16-78FC5B0EA940}.Debug|x64.ActiveCfg = Debug|Any CPU
		{9B30F64B-A378-43CC-AC16-78FC5B0EA940}.Debug|x86.ActiveCfg = Debug|Any CPU
		{9B30F64B-A378-43CC-AC16-78FC5B0EA940}.Release|Any CPU.ActiveCfg = Release|Any CPU
		{9B30F64B-A378-43CC-AC16-78FC5B0EA940}.Release|Any CPU.Build.0 = Release|Any CPU
		{9B30F64B-A378-43CC-AC16-78FC5B0EA940}.Release|Mixed Platforms.ActiveCfg = Release|Any CPU
		{9B30F64B-A378-43CC-AC16-78FC5B0EA940}.Release|Mixed Platforms.Build.0 = Release|Any CPU
		{9B30F64B-A378-43CC-AC16-78FC5B0EA940}.Release|x64.ActiveCfg = Release|Any CPU
		{9B30F64B-A378-43CC-AC16-78FC5B0EA940}.Release|x86.ActiveCfg = Release|Any CPU
		{9B30F64B-A378-43CC-AC16-78FC5B0EA940}.RemoteDebug|Any CPU.ActiveCfg = Debug|Any CPU
		{9B30F64B-A378-43CC-AC16-78FC5B0EA940}.RemoteDebug|Mixed Platforms.ActiveCfg = Debug|Any CPU
		{9B30F64B-A378-43CC-AC16-78FC5B0EA940}.RemoteDebug|x64.ActiveCfg = Debug|Any CPU
		{9B30F64B-A378-43CC-AC16-78FC5B0EA940}.RemoteDebug|x86.ActiveCfg = Debug|Any CPU
		{5E11FEBD-9896-4CFD-AB7C-570684F23BFB}.Debug|Any CPU.ActiveCfg = Debug|Any CPU
		{5E11FEBD-9896-4CFD-AB7C-570684F23BFB}.Debug|Any CPU.Build.0 = Debug|Any CPU
		{5E11FEBD-9896-4CFD-AB7C-570684F23BFB}.Debug|Mixed Platforms.ActiveCfg = Debug|Any CPU
		{5E11FEBD-9896-4CFD-AB7C-570684F23BFB}.Debug|Mixed Platforms.Build.0 = Debug|Any CPU
		{5E11FEBD-9896-4CFD-AB7C-570684F23BFB}.Debug|x64.ActiveCfg = Debug|x64
		{5E11FEBD-9896-4CFD-AB7C-570684F23BFB}.Debug|x64.Build.0 = Debug|x64
		{5E11FEBD-9896-4CFD-AB7C-570684F23BFB}.Debug|x86.ActiveCfg = Debug|Any CPU
		{5E11FEBD-9896-4CFD-AB7C-570684F23BFB}.Release|Any CPU.ActiveCfg = Release|Any CPU
		{5E11FEBD-9896-4CFD-AB7C-570684F23BFB}.Release|Any CPU.Build.0 = Release|Any CPU
		{5E11FEBD-9896-4CFD-AB7C-570684F23BFB}.Release|Mixed Platforms.ActiveCfg = Release|Any CPU
		{5E11FEBD-9896-4CFD-AB7C-570684F23BFB}.Release|Mixed Platforms.Build.0 = Release|Any CPU
		{5E11FEBD-9896-4CFD-AB7C-570684F23BFB}.Release|x64.ActiveCfg = Release|x64
		{5E11FEBD-9896-4CFD-AB7C-570684F23BFB}.Release|x64.Build.0 = Release|x64
		{5E11FEBD-9896-4CFD-AB7C-570684F23BFB}.Release|x86.ActiveCfg = Release|Any CPU
		{5E11FEBD-9896-4CFD-AB7C-570684F23BFB}.RemoteDebug|Any CPU.ActiveCfg = Debug|Any CPU
		{5E11FEBD-9896-4CFD-AB7C-570684F23BFB}.RemoteDebug|Any CPU.Build.0 = Debug|Any CPU
		{5E11FEBD-9896-4CFD-AB7C-570684F23BFB}.RemoteDebug|Mixed Platforms.ActiveCfg = Debug|Any CPU
		{5E11FEBD-9896-4CFD-AB7C-570684F23BFB}.RemoteDebug|Mixed Platforms.Build.0 = Debug|Any CPU
		{5E11FEBD-9896-4CFD-AB7C-570684F23BFB}.RemoteDebug|x64.ActiveCfg = Debug|x64
		{5E11FEBD-9896-4CFD-AB7C-570684F23BFB}.RemoteDebug|x64.Build.0 = Debug|x64
		{5E11FEBD-9896-4CFD-AB7C-570684F23BFB}.RemoteDebug|x86.ActiveCfg = Debug|Any CPU
		{25F52E28-0A62-4219-963E-675C6BB0588A}.Debug|Any CPU.ActiveCfg = Debug|Any CPU
		{25F52E28-0A62-4219-963E-675C6BB0588A}.Debug|Any CPU.Build.0 = Debug|Any CPU
		{25F52E28-0A62-4219-963E-675C6BB0588A}.Debug|Mixed Platforms.ActiveCfg = Debug|Any CPU
		{25F52E28-0A62-4219-963E-675C6BB0588A}.Debug|Mixed Platforms.Build.0 = Debug|Any CPU
		{25F52E28-0A62-4219-963E-675C6BB0588A}.Debug|x64.ActiveCfg = Debug|Any CPU
		{25F52E28-0A62-4219-963E-675C6BB0588A}.Debug|x86.ActiveCfg = Debug|Any CPU
		{25F52E28-0A62-4219-963E-675C6BB0588A}.Release|Any CPU.ActiveCfg = Release|Any CPU
		{25F52E28-0A62-4219-963E-675C6BB0588A}.Release|Any CPU.Build.0 = Release|Any CPU
		{25F52E28-0A62-4219-963E-675C6BB0588A}.Release|Mixed Platforms.ActiveCfg = Release|Any CPU
		{25F52E28-0A62-4219-963E-675C6BB0588A}.Release|Mixed Platforms.Build.0 = Release|Any CPU
		{25F52E28-0A62-4219-963E-675C6BB0588A}.Release|x64.ActiveCfg = Release|Any CPU
		{25F52E28-0A62-4219-963E-675C6BB0588A}.Release|x86.ActiveCfg = Release|Any CPU
		{25F52E28-0A62-4219-963E-675C6BB0588A}.RemoteDebug|Any CPU.ActiveCfg = Debug|Any CPU
		{25F52E28-0A62-4219-963E-675C6BB0588A}.RemoteDebug|Any CPU.Build.0 = Debug|Any CPU
		{25F52E28-0A62-4219-963E-675C6BB0588A}.RemoteDebug|Mixed Platforms.ActiveCfg = Debug|Any CPU
		{25F52E28-0A62-4219-963E-675C6BB0588A}.RemoteDebug|Mixed Platforms.Build.0 = Debug|Any CPU
		{25F52E28-0A62-4219-963E-675C6BB0588A}.RemoteDebug|x64.ActiveCfg = Debug|Any CPU
		{25F52E28-0A62-4219-963E-675C6BB0588A}.RemoteDebug|x86.ActiveCfg = Debug|Any CPU
	EndGlobalSection
	GlobalSection(SolutionProperties) = preSolution
		HideSolutionNode = FALSE
	EndGlobalSection
	GlobalSection(NestedProjects) = preSolution
		{A2DB7828-113C-4334-8676-0002887BA4FC} = {6A633BB1-A338-499A-8C2F-ED781C41BB64}
		{9B30F64B-A378-43CC-AC16-78FC5B0EA940} = {6A633BB1-A338-499A-8C2F-ED781C41BB64}
		{5E11FEBD-9896-4CFD-AB7C-570684F23BFB} = {6A633BB1-A338-499A-8C2F-ED781C41BB64}
		{25F52E28-0A62-4219-963E-675C6BB0588A} = {6A633BB1-A338-499A-8C2F-ED781C41BB64}
	EndGlobalSection
EndGlobal
