
Microsoft Visual Studio Solution File, Format Version 12.00
# Visual Studio 2012
Project("{FAE04EC0-301F-11D3-BF4B-00C04F79EFBC}") = "miRobotEditor", "src\miRobotEditor.csproj", "{A2DB7828-113C-4334-8676-0002887BA4FC}"
EndProject
Project("{FAE04EC0-301F-11D3-BF4B-00C04F79EFBC}") = "miRobotEditor.Globals", "DMC_Robot_Editor.Core.Interop\miRobotEditor.Globals.csproj", "{ADC9748E-E12E-4BD7-9D70-416F91B29797}"
EndProject
Global
	GlobalSection(SolutionConfigurationPlatforms) = preSolution
		Debug|Any CPU = Debug|Any CPU
		Debug|x86 = Debug|x86
		Release|Any CPU = Release|Any CPU
		Release|x86 = Release|x86
	EndGlobalSection
	GlobalSection(ProjectConfigurationPlatforms) = postSolution
		{A2DB7828-113C-4334-8676-0002887BA4FC}.Debug|Any CPU.ActiveCfg = Debug|Any CPU
		{A2DB7828-113C-4334-8676-0002887BA4FC}.Debug|Any CPU.Build.0 = Debug|Any CPU
		{A2DB7828-113C-4334-8676-0002887BA4FC}.Debug|x86.ActiveCfg = Debug|Any CPU
		{A2DB7828-113C-4334-8676-0002887BA4FC}.Release|Any CPU.ActiveCfg = Release|Any CPU
		{A2DB7828-113C-4334-8676-0002887BA4FC}.Release|Any CPU.Build.0 = Release|Any CPU
		{A2DB7828-113C-4334-8676-0002887BA4FC}.Release|x86.ActiveCfg = Release|Any CPU
		{ADC9748E-E12E-4BD7-9D70-416F91B29797}.Debug|Any CPU.ActiveCfg = Debug|Any CPU
		{ADC9748E-E12E-4BD7-9D70-416F91B29797}.Debug|Any CPU.Build.0 = Debug|Any CPU
		{ADC9748E-E12E-4BD7-9D70-416F91B29797}.Debug|x86.ActiveCfg = Debug|Any CPU
		{ADC9748E-E12E-4BD7-9D70-416F91B29797}.Release|Any CPU.ActiveCfg = Release|Any CPU
		{ADC9748E-E12E-4BD7-9D70-416F91B29797}.Release|Any CPU.Build.0 = Release|Any CPU
		{ADC9748E-E12E-4BD7-9D70-416F91B29797}.Release|x86.ActiveCfg = Release|Any CPU
	EndGlobalSection
	GlobalSection(SolutionProperties) = preSolution
		HideSolutionNode = FALSE
	EndGlobalSection
EndGlobal
