
Microsoft Visual Studio Solution File, Format Version 11.00
# Visual Studio 2010
# SharpDevelop 4.3
Project("{FAE04EC0-301F-11D3-BF4B-00C04F79EFBC}") = "ReadZip", "ReadZip.csproj", "{F4024C01-1133-4A5A-B421-22EA8CA89EA5}"
EndProject
Project("{FAE04EC0-301F-11D3-BF4B-00C04F79EFBC}") = "ZipTreeView", "..\ZipTreeView\ZipTreeView.csproj", "{1BCEC4DE-A73D-49A6-869F-EDA4AB6B41EF}"
EndProject
Project("{FAE04EC0-301F-11D3-BF4B-00C04F79EFBC}") = "ZipDir", "..\ZipDir\ZipDir.csproj", "{E04C2A53-3981-44D4-94AF-6AC07D97CDE8}"
EndProject
Project("{FAE04EC0-301F-11D3-BF4B-00C04F79EFBC}") = "CreateZip", "..\CreateZip\CreateZip.csproj", "{FB9FC8D7-7897-4802-9694-F379F25C00CB}"
EndProject
Global
	GlobalSection(SolutionConfigurationPlatforms) = preSolution
		Debug|Any CPU = Debug|Any CPU
		Release|Any CPU = Release|Any CPU
	EndGlobalSection
	GlobalSection(ProjectConfigurationPlatforms) = postSolution
		{F4024C01-1133-4A5A-B421-22EA8CA89EA5}.Debug|Any CPU.Build.0 = Debug|Any CPU
		{F4024C01-1133-4A5A-B421-22EA8CA89EA5}.Debug|Any CPU.ActiveCfg = Debug|Any CPU
		{F4024C01-1133-4A5A-B421-22EA8CA89EA5}.Release|Any CPU.Build.0 = Release|Any CPU
		{F4024C01-1133-4A5A-B421-22EA8CA89EA5}.Release|Any CPU.ActiveCfg = Release|Any CPU
		{1BCEC4DE-A73D-49A6-869F-EDA4AB6B41EF}.Debug|Any CPU.Build.0 = Debug|Any CPU
		{1BCEC4DE-A73D-49A6-869F-EDA4AB6B41EF}.Debug|Any CPU.ActiveCfg = Debug|Any CPU
		{1BCEC4DE-A73D-49A6-869F-EDA4AB6B41EF}.Release|Any CPU.Build.0 = Release|Any CPU
		{1BCEC4DE-A73D-49A6-869F-EDA4AB6B41EF}.Release|Any CPU.ActiveCfg = Release|Any CPU
		{E04C2A53-3981-44D4-94AF-6AC07D97CDE8}.Debug|Any CPU.Build.0 = Debug|Any CPU
		{E04C2A53-3981-44D4-94AF-6AC07D97CDE8}.Debug|Any CPU.ActiveCfg = Debug|Any CPU
		{E04C2A53-3981-44D4-94AF-6AC07D97CDE8}.Release|Any CPU.Build.0 = Release|Any CPU
		{E04C2A53-3981-44D4-94AF-6AC07D97CDE8}.Release|Any CPU.ActiveCfg = Release|Any CPU
		{FB9FC8D7-7897-4802-9694-F379F25C00CB}.Debug|Any CPU.Build.0 = Debug|Any CPU
		{FB9FC8D7-7897-4802-9694-F379F25C00CB}.Debug|Any CPU.ActiveCfg = Debug|Any CPU
		{FB9FC8D7-7897-4802-9694-F379F25C00CB}.Release|Any CPU.Build.0 = Release|Any CPU
		{FB9FC8D7-7897-4802-9694-F379F25C00CB}.Release|Any CPU.ActiveCfg = Release|Any CPU
	EndGlobalSection
EndGlobal
