
Microsoft Visual Studio Solution File, Format Version 11.00
# Visual Studio 2010
# SharpDevelop 5.0
Project("{CFEE4113-1246-4D54-95CB-156813CB8593}") = "Setup", "..\..\..\miRobotEditorSetup\Setup\Setup\Setup.wixproj", "{2A192050-4ED8-45E9-929D-30CB10C81977}"
EndProject
Global
	GlobalSection(SolutionConfigurationPlatforms) = preSolution
		Debug|x86 = Debug|x86
		Release|x86 = Release|x86
	EndGlobalSection
	GlobalSection(ProjectConfigurationPlatforms) = postSolution
		{2A192050-4ED8-45E9-929D-30CB10C81977}.Debug|x86.ActiveCfg = Debug|x86
		{2A192050-4ED8-45E9-929D-30CB10C81977}.Debug|x86.Build.0 = Debug|x86
		{2A192050-4ED8-45E9-929D-30CB10C81977}.Release|x86.ActiveCfg = Release|x86
		{2A192050-4ED8-45E9-929D-30CB10C81977}.Release|x86.Build.0 = Release|x86
	EndGlobalSection
EndGlobal
